# This file is autogenerated, do not edit; changes may be undone by the next 'dep ensure'.


[[projects]]
  name = "github.com/Shopify/sarama"
  packages = ["."]
  revision = "35324cf48e33d8260e1c7c18854465a904ade249"
  version = "v1.17.0"

[[projects]]
  name = "github.com/davecgh/go-spew"
  packages = ["spew"]
  revision = "346938d642f2ec3594ed81d874461961cd0faa76"
  version = "v1.1.0"

[[projects]]
  name = "github.com/eapache/go-resiliency"
  packages = ["breaker"]
  revision = "ea41b0fad31007accc7f806884dcdf3da98b79ce"
  version = "v1.1.0"

[[projects]]
  branch = "master"
  name = "github.com/eapache/go-xerial-snappy"
  packages = ["."]
  revision = "040cc1a32f578808623071247fdbd5cc43f37f5f"

[[projects]]
  name = "github.com/eapache/queue"
  packages = ["."]
  revision = "44cc805cf13205b55f69e14bcb69867d1ae92f98"
  version = "v1.1.0"

[[projects]]
  branch = "master"
  name = "github.com/golang/snappy"
  packages = ["."]
  revision = "2e65f85255dbc3072edf28d6b5b8efc472979f5a"

[[projects]]
  name = "github.com/mattn/go-runewidth"
  packages = ["."]
  revision = "9e777a8366cce605130a531d2cd6363d07ad7317"
  version = "v0.0.2"

[[projects]]
  branch = "master"
  name = "github.com/olekukonko/tablewriter"
  packages = ["."]
  revision = "d4647c9c7a84d847478d890b816b7d8b62b0b279"

[[projects]]
  name = "github.com/pierrec/lz4"
  packages = [
    ".",
    "internal/xxh32"
  ]
  revision = "1958fd8fff7f115e79725b1288e0b878b3e06b00"
  version = "v2.0.3"

[[projects]]
  name = "github.com/pkg/errors"
  packages = ["."]
  revision = "645ef00459ed84a119197bfb8d8205042c6df63d"
  version = "v0.8.0"

[[projects]]
  name = "github.com/pmezard/go-difflib"
  packages = ["difflib"]
  revision = "792786c7400a136282c1664665ae0a8db921c6c2"
  version = "v1.0.0"

[[projects]]
  branch = "master"
  name = "github.com/rcrowley/go-metrics"
  packages = ["."]
  revision = "e2704e165165ec55d062f5919b4b29494e9fa790"

[[projects]]
  branch = "master"
  name = "github.com/samuel/go-zookeeper"
  packages = ["zk"]
  revision = "c4fab1ac1bec58281ad0667dc3f0907a9476ac47"

[[projects]]
  branch = "master"
  name = "github.com/segmentio/conf"
  packages = ["."]
  revision = "a2a7fb2aaa3c99893d06150d50195c0be197f5d5"

[[projects]]
  name = "github.com/segmentio/events"
  packages = [
    ".",
    "ecslogs",
    "text"
  ]
  revision = "406fcabaf3d3a8c0d790b3bbf7e3f795e277124e"
  version = "v2.0.1"

[[projects]]
  name = "github.com/segmentio/go-snakecase"
  packages = ["."]
  revision = "3ecf343f213326f182b8477c337a2be66c9205b0"
  version = "v1.0.0"

[[projects]]
  name = "github.com/segmentio/ksuid"
  packages = ["."]
  revision = "112f929a3020abfcd06b77c963ec919130796a35"
  version = "1.0.1"

[[projects]]
  name = "github.com/segmentio/objconv"
  packages = [
    ".",
    "adapters",
    "adapters/net",
    "adapters/net/mail",
    "adapters/net/url",
    "json",
    "objutil",
    "yaml"
  ]
  revision = "8998c9cea5fb978cf489f7a8ad69159aa7be3d50"
  version = "0.1.0"

[[projects]]
  name = "github.com/stretchr/testify"
  packages = ["assert"]
  revision = "f35b8ab0b5a2cef36673838d662e249dd9c94686"
  version = "v1.2.2"

[[projects]]
  name = "gopkg.in/go-playground/mold.v2"
  packages = [
    ".",
    "modifiers"
  ]
  revision = "6bc20ce40733e8e04c2fda4523a957dd8e198948"
  version = "v2.2.0"

[[projects]]
  branch = "v2"
  name = "gopkg.in/validator.v2"
  packages = ["."]
  revision = "135c24b11c19e52befcae2ec3fca5d9b78c4e98e"

[[projects]]
  name = "gopkg.in/yaml.v2"
  packages = ["."]
  revision = "5420a8b6744d3b0345ab293f6fcba19c978f1183"
  version = "v2.2.1"

[solve-meta]
  analyzer-name = "dep"
  analyzer-version = 1
  inputs-digest = "b49294477a4d60ae3f5ed646dfb28400c25a716141d7a8a41cf9992ead60c98e"
  solver-name = "gps-cdcl"
  solver-version = 1
