# This file is autogenerated, do not edit; changes may be undone by the next 'dep ensure'.


[[projects]]
  digest = "1:66b8ed452b31eb9075bc53295952487c333a9cb555de57ed61f5664c058d9050"
  name = "github.com/Shopify/sarama"
  packages = ["."]
  pruneopts = "UT"
  revision = "35324cf48e33d8260e1c7c18854465a904ade249"
  version = "v1.17.0"

[[projects]]
  digest = "1:a2c1d0e43bd3baaa071d1b9ed72c27d78169b2b269f71c105ac4ba34b1be4a39"
  name = "github.com/davecgh/go-spew"
  packages = ["spew"]
  pruneopts = "UT"
  revision = "346938d642f2ec3594ed81d874461961cd0faa76"
  version = "v1.1.0"

[[projects]]
  digest = "1:1f0c7ab489b407a7f8f9ad16c25a504d28ab461517a971d341388a56156c1bd7"
  name = "github.com/eapache/go-resiliency"
  packages = ["breaker"]
  pruneopts = "UT"
  revision = "ea41b0fad31007accc7f806884dcdf3da98b79ce"
  version = "v1.1.0"

[[projects]]
  branch = "master"
  digest = "1:0448d1c1a596941c608762912fe7c865f88d9ffa45afb8af1edcf1401762bf7e"
  name = "github.com/eapache/go-xerial-snappy"
  packages = ["."]
  pruneopts = "UT"
  revision = "040cc1a32f578808623071247fdbd5cc43f37f5f"

[[projects]]
  digest = "1:444b82bfe35c83bbcaf84e310fb81a1f9ece03edfed586483c869e2c046aef69"
  name = "github.com/eapache/queue"
  packages = ["."]
  pruneopts = "UT"
  revision = "44cc805cf13205b55f69e14bcb69867d1ae92f98"
  version = "v1.1.0"

[[projects]]
  branch = "master"
  digest = "1:4a0c6bb4805508a6287675fac876be2ac1182539ca8a32468d8128882e9d5009"
  name = "github.com/golang/snappy"
  packages = ["."]
  pruneopts = "UT"
  revision = "2e65f85255dbc3072edf28d6b5b8efc472979f5a"

[[projects]]
  digest = "1:a66fce629a0e374ac46a776c32a536fdd01d05d56163bac4fab2e0f633d4d79b"
  name = "github.com/gorilla/rpc"
  packages = [
    "v2",
    "v2/json",
  ]
  pruneopts = "UT"
  revision = "22c016f3df3febe0c1f6727598b6389507e03a18"
  version = "v1.1.0"

[[projects]]
  digest = "1:e2d1d410fb367567c2b53ed9e2d719d3c1f0891397bb2fa49afd747cfbf1e8e4"
  name = "github.com/mattn/go-runewidth"
  packages = ["."]
  pruneopts = "UT"
  revision = "9e777a8366cce605130a531d2cd6363d07ad7317"
  version = "v0.0.2"

[[projects]]
  branch = "master"
  digest = "1:4daa045e1e1f3e23f4b07db6880cdf9f259dab65312dfe244a878e6070faaf77"
  name = "github.com/olekukonko/tablewriter"
  packages = ["."]
  pruneopts = "UT"
  revision = "d4647c9c7a84d847478d890b816b7d8b62b0b279"

[[projects]]
  digest = "1:29803f52611cbcc1dfe55b456e9fdac362af7248b3d29d7ea1bec0a12e71dff4"
  name = "github.com/pierrec/lz4"
  packages = [
    ".",
    "internal/xxh32",
  ]
  pruneopts = "UT"
  revision = "1958fd8fff7f115e79725b1288e0b878b3e06b00"
  version = "v2.0.3"

[[projects]]
  digest = "1:40e195917a951a8bf867cd05de2a46aaf1806c50cf92eebf4c16f78cd196f747"
  name = "github.com/pkg/errors"
  packages = ["."]
  pruneopts = "UT"
  revision = "645ef00459ed84a119197bfb8d8205042c6df63d"
  version = "v0.8.0"

[[projects]]
  digest = "1:0028cb19b2e4c3112225cd871870f2d9cf49b9b4276531f03438a88e94be86fe"
  name = "github.com/pmezard/go-difflib"
  packages = ["difflib"]
  pruneopts = "UT"
  revision = "792786c7400a136282c1664665ae0a8db921c6c2"
  version = "v1.0.0"

[[projects]]
  branch = "master"
  digest = "1:c4556a44e350b50a490544d9b06e9fba9c286c21d6c0e47f54f3a9214597298c"
  name = "github.com/rcrowley/go-metrics"
  packages = ["."]
  pruneopts = "UT"
  revision = "e2704e165165ec55d062f5919b4b29494e9fa790"

[[projects]]
  branch = "master"
  digest = "1:4d92d3bcd412de705100c10f0428a0b63b12f3d12455ebae46e9ea384c23b333"
  name = "github.com/samuel/go-zookeeper"
  packages = ["zk"]
  pruneopts = "UT"
  revision = "c4fab1ac1bec58281ad0667dc3f0907a9476ac47"

[[projects]]
  branch = "master"
  digest = "1:99200fae8f08f08cb5021232dddf70adb35d860c10206c553401344fe2908a9c"
  name = "github.com/segmentio/conf"
  packages = ["."]
  pruneopts = "UT"
  revision = "a2a7fb2aaa3c99893d06150d50195c0be197f5d5"

[[projects]]
  digest = "1:977b08d48710cba29120c480dda7e6a5c6d1c0353d122585b48a4f582ce68363"
  name = "github.com/segmentio/events"
  packages = [
    ".",
    "ecslogs",
    "text",
  ]
  pruneopts = "UT"
  revision = "406fcabaf3d3a8c0d790b3bbf7e3f795e277124e"
  version = "v2.0.1"

[[projects]]
  digest = "1:338c877d3e0136603b78a7c852cd120422e5787c6c2c5f338230ba2d9771af8f"
  name = "github.com/segmentio/go-snakecase"
  packages = ["."]
  pruneopts = "UT"
  revision = "3ecf343f213326f182b8477c337a2be66c9205b0"
  version = "v1.0.0"

[[projects]]
  digest = "1:8a3e7525dc0cf0236b163166800ecbc78d6c8c5d7ac956996e7b3bef8cfadc41"
  name = "github.com/segmentio/ksuid"
  packages = ["."]
  pruneopts = "UT"
  revision = "112f929a3020abfcd06b77c963ec919130796a35"
  version = "1.0.1"

[[projects]]
  digest = "1:56a84a380d547f4147fc55203383a565785c57ba3b212697ae3a636db70f0eb8"
  name = "github.com/segmentio/objconv"
  packages = [
    ".",
    "adapters",
    "adapters/net",
    "adapters/net/mail",
    "adapters/net/url",
    "json",
    "objutil",
    "yaml",
  ]
  pruneopts = "UT"
  revision = "8998c9cea5fb978cf489f7a8ad69159aa7be3d50"
  version = "0.1.0"

[[projects]]
  digest = "1:ac83cf90d08b63ad5f7e020ef480d319ae890c208f8524622a2f3136e2686b02"
  name = "github.com/stretchr/objx"
  packages = ["."]
  pruneopts = "UT"
  revision = "477a77ecc69700c7cdeb1fa9e129548e1c1c393c"
  version = "v0.1.1"

[[projects]]
  digest = "1:15a4a7e5afac3cea801fa24831fce3bf3b5bd3620cbf8355a07b7dbf06877883"
  name = "github.com/stretchr/testify"
  packages = [
    "assert",
    "mock",
  ]
  pruneopts = "UT"
  revision = "f35b8ab0b5a2cef36673838d662e249dd9c94686"
  version = "v1.2.2"

[[projects]]
  digest = "1:dad6cd59e8bb8d209194efbd3850b5d054384a63061671bfc2a6b2cc0929c731"
  name = "gopkg.in/go-playground/mold.v2"
  packages = [
    ".",
    "modifiers",
  ]
  pruneopts = "UT"
  revision = "6bc20ce40733e8e04c2fda4523a957dd8e198948"
  version = "v2.2.0"

[[projects]]
  branch = "v2"
  digest = "1:b6539350da50de0d3c9b83ae587c06b89be9cb5750443bdd887f1c4077f57776"
  name = "gopkg.in/validator.v2"
  packages = ["."]
  pruneopts = "UT"
  revision = "135c24b11c19e52befcae2ec3fca5d9b78c4e98e"

[[projects]]
  digest = "1:342378ac4dcb378a5448dd723f0784ae519383532f5e70ade24132c4c8693202"
  name = "gopkg.in/yaml.v2"
  packages = ["."]
  pruneopts = "UT"
  revision = "5420a8b6744d3b0345ab293f6fcba19c978f1183"
  version = "v2.2.1"

[solve-meta]
  analyzer-name = "dep"
  analyzer-version = 1
  input-imports = [
    "github.com/Shopify/sarama",
    "github.com/gorilla/rpc/v2",
    "github.com/gorilla/rpc/v2/json",
    "github.com/olekukonko/tablewriter",
    "github.com/pkg/errors",
    "github.com/samuel/go-zookeeper/zk",
    "github.com/segmentio/conf",
    "github.com/segmentio/events",
    "github.com/segmentio/events/ecslogs",
    "github.com/segmentio/events/text",
    "github.com/segmentio/ksuid",
    "github.com/segmentio/objconv/json",
    "github.com/stretchr/testify/assert",
    "github.com/stretchr/testify/mock",
  ]
  solver-name = "gps-cdcl"
  solver-version = 1
